
Microsoft Visual Studio Solution File, Format Version 12.00
# Visual Studio 15
Project("{FAE04EC0-301F-11D3-BF4B-00C04F79EFBC}") = "Assembly-CSharp", "Assembly-CSharp.csproj", "{38E56987-4C20-807D-8A79-E955379F21DC}"
EndProject
Project("{FAE04EC0-301F-11D3-BF4B-00C04F79EFBC}") = "Assembly-CSharp-firstpass", "Assembly-CSharp-firstpass.csproj", "{E761EA4B-4041-4B74-F4ED-DF62B9B65870}"
EndProject
Project("{FAE04EC0-301F-11D3-BF4B-00C04F79EFBC}") = "Assembly-CSharp-Editor-firstpass", "Assembly-CSharp-Editor-firstpass.csproj", "{84390829-75E2-4FE1-D96D-B031516B4845}"
EndProject
Global
	GlobalSection(SolutionConfigurationPlatforms) = preSolution
		Debug|Any CPU = Debug|Any CPU
		Release|Any CPU = Release|Any CPU
	EndGlobalSection
	GlobalSection(ProjectConfigurationPlatforms) = postSolution
		{38E56987-4C20-807D-8A79-E955379F21DC}.Debug|Any CPU.ActiveCfg = Debug|Any CPU
		{38E56987-4C20-807D-8A79-E955379F21DC}.Debug|Any CPU.Build.0 = Debug|Any CPU
		{38E56987-4C20-807D-8A79-E955379F21DC}.Release|Any CPU.ActiveCfg = Release|Any CPU
		{38E56987-4C20-807D-8A79-E955379F21DC}.Release|Any CPU.Build.0 = Release|Any CPU
		{E761EA4B-4041-4B74-F4ED-DF62B9B65870}.Debug|Any CPU.ActiveCfg = Debug|Any CPU
		{E761EA4B-4041-4B74-F4ED-DF62B9B65870}.Debug|Any CPU.Build.0 = Debug|Any CPU
		{E761EA4B-4041-4B74-F4ED-DF62B9B65870}.Release|Any CPU.ActiveCfg = Release|Any CPU
		{E761EA4B-4041-4B74-F4ED-DF62B9B65870}.Release|Any CPU.Build.0 = Release|Any CPU
		{84390829-75E2-4FE1-D96D-B031516B4845}.Debug|Any CPU.ActiveCfg = Debug|Any CPU
		{84390829-75E2-4FE1-D96D-B031516B4845}.Debug|Any CPU.Build.0 = Debug|Any CPU
		{84390829-75E2-4FE1-D96D-B031516B4845}.Release|Any CPU.ActiveCfg = Release|Any CPU
		{84390829-75E2-4FE1-D96D-B031516B4845}.Release|Any CPU.Build.0 = Release|Any CPU
	EndGlobalSection
	GlobalSection(SolutionProperties) = preSolution
		HideSolutionNode = FALSE
	EndGlobalSection
EndGlobal
